
Microsoft Visual Studio Solution File, Format Version 12.00
# Visual Studio Version 17
VisualStudioVersion = 17.3.32929.385
MinimumVisualStudioVersion = 10.0.40219.1
Project("{FAE04EC0-301F-11D3-BF4B-00C04F79EFBC}") = "linqproject", "linqproject\linqproject.csproj", "{F0BAA489-1243-408D-AC11-9934A5CFF4FD}"
EndProject
Global
	GlobalSection(SolutionConfigurationPlatforms) = preSolution
		Debug|Any CPU = Debug|Any CPU
		Release|Any CPU = Release|Any CPU
	EndGlobalSection
	GlobalSection(ProjectConfigurationPlatforms) = postSolution
		{F0BAA489-1243-408D-AC11-9934A5CFF4FD}.Debug|Any CPU.ActiveCfg = Debug|Any CPU
		{F0BAA489-1243-408D-AC11-9934A5CFF4FD}.Debug|Any CPU.Build.0 = Debug|Any CPU
		{F0BAA489-1243-408D-AC11-9934A5CFF4FD}.Release|Any CPU.ActiveCfg = Release|Any CPU
		{F0BAA489-1243-408D-AC11-9934A5CFF4FD}.Release|Any CPU.Build.0 = Release|Any CPU
	EndGlobalSection
	GlobalSection(SolutionProperties) = preSolution
		HideSolutionNode = FALSE
	EndGlobalSection
	GlobalSection(ExtensibilityGlobals) = postSolution
		SolutionGuid = {3A13EFCB-236E-480F-82B0-C84111F7BB3F}
	EndGlobalSection
EndGlobal
